<?xml version="1.0" encoding="utf-8"?>
<Project ToolsVersion="16.0" xmlns="http://schemas.microsoft.com/developer/msbuild/2003">
  <ItemGroup>
    <CustomBuild Include="C:\Users\kikih\Documents\GitHub\INFOMGP-Practical3\CMakeFiles\1ce009268ae7dc5ef9b240905b064702\INSTALL_force.rule">
      <Filter>CMake Rules</Filter>
    </CustomBuild>
  </ItemGroup>
  <ItemGroup>
    <Filter Include="CMake Rules">
      <UniqueIdentifier>{0F42FC01-295F-34C5-9B36-6D0295B2BFAD}</UniqueIdentifier>
    </Filter>
  </ItemGroup>
</Project>
